
Microsoft Visual Studio Solution File, Format Version 12.00
# Visual Studio Version 17
VisualStudioVersion = 17.1.32328.378
MinimumVisualStudioVersion = 10.0.40219.1
Project("{FAE04EC0-301F-11D3-BF4B-00C04F79EFBC}") = "Portafolio", "Portafolio\Portafolio.csproj", "{B76E81F8-58E5-49EF-B6B1-644F0BE999FA}"
EndProject
Global
	GlobalSection(SolutionConfigurationPlatforms) = preSolution
		Debug|Any CPU = Debug|Any CPU
		Release|Any CPU = Release|Any CPU
	EndGlobalSection
	GlobalSection(ProjectConfigurationPlatforms) = postSolution
		{B76E81F8-58E5-49EF-B6B1-644F0BE999FA}.Debug|Any CPU.ActiveCfg = Debug|Any CPU
		{B76E81F8-58E5-49EF-B6B1-644F0BE999FA}.Debug|Any CPU.Build.0 = Debug|Any CPU
		{B76E81F8-58E5-49EF-B6B1-644F0BE999FA}.Release|Any CPU.ActiveCfg = Release|Any CPU
		{B76E81F8-58E5-49EF-B6B1-644F0BE999FA}.Release|Any CPU.Build.0 = Release|Any CPU
	EndGlobalSection
	GlobalSection(SolutionProperties) = preSolution
		HideSolutionNode = FALSE
	EndGlobalSection
	GlobalSection(ExtensibilityGlobals) = postSolution
		SolutionGuid = {5708FD36-B68C-4BD7-B095-B8EC5A88B685}
	EndGlobalSection
EndGlobal
